
Microsoft Visual Studio Solution File, Format Version 11.00
# Visual Studio 2010
Project("{FAE04EC0-301F-11D3-BF4B-00C04F79EFBC}") = "Assembly-CSharp", "Assembly-CSharp.csproj", "{244BF24F-8C07-DA47-8F56-613A069DE010}"
EndProject
Project("{FAE04EC0-301F-11D3-BF4B-00C04F79EFBC}") = "Assembly-CSharp-Editor", "Assembly-CSharp-Editor.csproj", "{D5577E6F-C573-1775-1136-2D58F7E602DE}"
EndProject
Project("{FAE04EC0-301F-11D3-BF4B-00C04F79EFBC}") = "Assembly-CSharp-Editor-firstpass", "Assembly-CSharp-Editor-firstpass.csproj", "{0AAD3DEF-BC97-B2ED-5B5F-335E89657AD0}"
EndProject
Global
	GlobalSection(SolutionConfigurationPlatforms) = preSolution
		Debug|Any CPU = Debug|Any CPU
		Release|Any CPU = Release|Any CPU
	EndGlobalSection
	GlobalSection(ProjectConfigurationPlatforms) = postSolution
		{244BF24F-8C07-DA47-8F56-613A069DE010}.Debug|Any CPU.ActiveCfg = Debug|Any CPU
		{244BF24F-8C07-DA47-8F56-613A069DE010}.Debug|Any CPU.Build.0 = Debug|Any CPU
		{244BF24F-8C07-DA47-8F56-613A069DE010}.Release|Any CPU.ActiveCfg = Release|Any CPU
		{244BF24F-8C07-DA47-8F56-613A069DE010}.Release|Any CPU.Build.0 = Release|Any CPU
		{D5577E6F-C573-1775-1136-2D58F7E602DE}.Debug|Any CPU.ActiveCfg = Debug|Any CPU
		{D5577E6F-C573-1775-1136-2D58F7E602DE}.Debug|Any CPU.Build.0 = Debug|Any CPU
		{D5577E6F-C573-1775-1136-2D58F7E602DE}.Release|Any CPU.ActiveCfg = Release|Any CPU
		{D5577E6F-C573-1775-1136-2D58F7E602DE}.Release|Any CPU.Build.0 = Release|Any CPU
		{0AAD3DEF-BC97-B2ED-5B5F-335E89657AD0}.Debug|Any CPU.ActiveCfg = Debug|Any CPU
		{0AAD3DEF-BC97-B2ED-5B5F-335E89657AD0}.Debug|Any CPU.Build.0 = Debug|Any CPU
		{0AAD3DEF-BC97-B2ED-5B5F-335E89657AD0}.Release|Any CPU.ActiveCfg = Release|Any CPU
		{0AAD3DEF-BC97-B2ED-5B5F-335E89657AD0}.Release|Any CPU.Build.0 = Release|Any CPU
	EndGlobalSection
	GlobalSection(SolutionProperties) = preSolution
		HideSolutionNode = FALSE
	EndGlobalSection
	GlobalSection(MonoDevelopProperties) = preSolution
		StartupItem = Assembly-CSharp.csproj
	EndGlobalSection
EndGlobal
